{
  "name": "test-folder",
  "lockfileVersion": 2,
  "requires": true,
  "packages": {
    "": {
      "dependencies": {
        "node-hello-name-test": "^2.0.1"
      }
    },
    "node_modules/node-hello-name-test": {
      "version": "2.0.1",
      "resolved": "https://registry.npmjs.org/node-hello-name-test/-/node-hello-name-test-2.0.1.tgz",
      "integrity": "sha512-QC2Jzik4LPDxxKu/PNEQzE1oR9KFetA5XIUxW3M6sKfJR7w+2jBXiguIoJW3M9MoDp3wCML3J5au06W19/LePQ=="
    }
  },
  "dependencies": {
    "node-hello-name-test": {
      "version": "2.0.1",
      "resolved": "https://registry.npmjs.org/node-hello-name-test/-/node-hello-name-test-2.0.1.tgz",
      "integrity": "sha512-QC2Jzik4LPDxxKu/PNEQzE1oR9KFetA5XIUxW3M6sKfJR7w+2jBXiguIoJW3M9MoDp3wCML3J5au06W19/LePQ=="
    }
  }
}
